// !$*UTF8*$!
{
	archiveVersion = 1;
	classes = {
	};
	objectVersion = 77;
	objects = {

/* Begin PBXBuildFile section */
		0051714BC0079051772CF991 /* Foundation.framework in Frameworks */ = {isa = PBXBuildFile; fileRef = B6B022521999E68613D4B9D6 /* Foundation.framework */; };
		11776462C4E845DBB721933C /* Localization.swift in Sources */ = {isa = PBXBuildFile; fileRef = A8E1D42958D6416C96845C75 /* Localization.swift */; };
		378B424FA7B24793BD58E95D /* Localizable.strings in Resources */ = {isa = PBXBuildFile; fileRef = 4D516241DD194ADF860E6D83 /* Localizable.strings */; };
		663125B7584DD74FB15C6EB1 /* SyncDecodeTests.swift in Sources */ = {isa = PBXBuildFile; fileRef = FBCE5AD257CE084B996C988E /* SyncDecodeTests.swift */; };
		79029F5A81E3493C32FE4CB6 /* HistoryEventTypeTests.swift in Sources */ = {isa = PBXBuildFile; fileRef = 096DD31060B22B82B130DE56 /* HistoryEventTypeTests.swift */; };
		A40F4D872EDE042E00416944 /* BackupService.swift in Sources */ = {isa = PBXBuildFile; fileRef = A40F4D862EDE042E00416944 /* BackupService.swift */; };
		A40F4D8A2EDE045F00416944 /* SettingsView.swift in Sources */ = {isa = PBXBuildFile; fileRef = A40F4D882EDE045F00416944 /* SettingsView.swift */; };
		A40F4D8C2EDE050000416944 /* NotificationService.swift in Sources */ = {isa = PBXBuildFile; fileRef = A40F4D8B2EDE050000416944 /* NotificationService.swift */; };
		A4BEE4C02EE9E2AE007604B4 /* AnalyticsService.swift in Sources */ = {isa = PBXBuildFile; fileRef = A4BEE4BB2EE9E2AE007604B4 /* AnalyticsService.swift */; };
		A4BEE4C12EE9E2AE007604B4 /* KeychainService.swift in Sources */ = {isa = PBXBuildFile; fileRef = A4BEE4BD2EE9E2AE007604B4 /* KeychainService.swift */; };
		A4BEE4C22EE9E2AE007604B4 /* SyncService.swift in Sources */ = {isa = PBXBuildFile; fileRef = A4BEE4BE2EE9E2AE007604B4 /* SyncService.swift */; };
		A4BEE4C32EE9E2AE007604B4 /* APIClient.swift in Sources */ = {isa = PBXBuildFile; fileRef = A4BEE4BC2EE9E2AE007604B4 /* APIClient.swift */; };
		A4BEE4C72EE9E2CF007604B4 /* HistoryEvent.swift in Sources */ = {isa = PBXBuildFile; fileRef = A4BEE4C42EE9E2CF007604B4 /* HistoryEvent.swift */; };
		A4BEE4C82EE9E2CF007604B4 /* Pair.swift in Sources */ = {isa = PBXBuildFile; fileRef = A4BEE4C52EE9E2CF007604B4 /* Pair.swift */; };
		A4BEE4C92EE9E2CF007604B4 /* SyncStatus.swift in Sources */ = {isa = PBXBuildFile; fileRef = A4BEE4C62EE9E2CF007604B4 /* SyncStatus.swift */; };
		A4BEE4CC2EE9E2F5007604B4 /* CreatePairView.swift in Sources */ = {isa = PBXBuildFile; fileRef = A4BEE4CA2EE9E2F5007604B4 /* CreatePairView.swift */; };
		A4BEE4CD2EE9E2F5007604B4 /* JoinPairView.swift in Sources */ = {isa = PBXBuildFile; fileRef = A4BEE4CB2EE9E2F5007604B4 /* JoinPairView.swift */; };
		A4CB16052EDB399C00FF4558 /* DataRepository.swift in Sources */ = {isa = PBXBuildFile; fileRef = A4CB15F32EDB399B00FF4558 /* DataRepository.swift */; };
		A4CB16062EDB399C00FF4558 /* ItemRow.swift in Sources */ = {isa = PBXBuildFile; fileRef = A4CB16002EDB399B00FF4558 /* ItemRow.swift */; };
		A4CB16072EDB399C00FF4558 /* CategoryFormView.swift in Sources */ = {isa = PBXBuildFile; fileRef = A4CB15F62EDB399B00FF4558 /* CategoryFormView.swift */; };
		A4CB16082EDB399C00FF4558 /* CategoryCard.swift in Sources */ = {isa = PBXBuildFile; fileRef = A4CB15FF2EDB399B00FF4558 /* CategoryCard.swift */; };
		A4CB16092EDB399C00FF4558 /* ItemFormView.swift in Sources */ = {isa = PBXBuildFile; fileRef = A4CB15FA2EDB399B00FF4558 /* ItemFormView.swift */; };
		A4CB160A2EDB399C00FF4558 /* CategoryListView.swift in Sources */ = {isa = PBXBuildFile; fileRef = A4CB15F72EDB399B00FF4558 /* CategoryListView.swift */; };
		A4CB160B2EDB399C00FF4558 /* ItemListView.swift in Sources */ = {isa = PBXBuildFile; fileRef = A4CB15FB2EDB399B00FF4558 /* ItemListView.swift */; };
		A4CB160C2EDB399C00FF4558 /* Theme.swift in Sources */ = {isa = PBXBuildFile; fileRef = A4CB16022EDB399B00FF4558 /* Theme.swift */; };
		A4CB160D2EDB399C00FF4558 /* Category.swift in Sources */ = {isa = PBXBuildFile; fileRef = A4CB15F02EDB399B00FF4558 /* Category.swift */; };
		A4CB160E2EDB399C00FF4558 /* FreezerApp.swift in Sources */ = {isa = PBXBuildFile; fileRef = A4CB15EE2EDB399B00FF4558 /* FreezerApp.swift */; };
		A4CB160F2EDB399C00FF4558 /* Item.swift in Sources */ = {isa = PBXBuildFile; fileRef = A4CB15F12EDB399B00FF4558 /* Item.swift */; };
		A4FF10B12F00AAAA00000002 /* FeatureFlags.swift in Sources */ = {isa = PBXBuildFile; fileRef = A4FF10B02F00AAAA00000001 /* FeatureFlags.swift */; };
		A4FF10B32F00BBBB00000001 /* HistoryView.swift in Sources */ = {isa = PBXBuildFile; fileRef = A4FF10B22F00BBBB00000001 /* HistoryView.swift */; };
/* End PBXBuildFile section */

/* Begin PBXContainerItemProxy section */
		77A6DEC989356C48A8413474 /* PBXContainerItemProxy */ = {
			isa = PBXContainerItemProxy;
			containerPortal = A4CB15D82EDB395100FF4558 /* Project object */;
			proxyType = 1;
			remoteGlobalIDString = A4CB15DF2EDB395100FF4558;
			remoteInfo = FreezerApp;
		};
/* End PBXContainerItemProxy section */

/* Begin PBXFileReference section */
		096DD31060B22B82B130DE56 /* HistoryEventTypeTests.swift */ = {isa = PBXFileReference; includeInIndex = 1; lastKnownFileType = sourcecode.swift; path = HistoryEventTypeTests.swift; sourceTree = "<group>"; };
		1333D5B384F517E5CEFA7402 /* FreezerAppTests.xctest */ = {isa = PBXFileReference; explicitFileType = wrapper.cfbundle; includeInIndex = 0; path = FreezerAppTests.xctest; sourceTree = BUILT_PRODUCTS_DIR; };
		13803C49778D4459852F7B3A /* en */ = {isa = PBXFileReference; lastKnownFileType = text.plist.strings; name = en; path = en.lproj/Localizable.strings; sourceTree = "<group>"; };
		A40F4D862EDE042E00416944 /* BackupService.swift */ = {isa = PBXFileReference; lastKnownFileType = sourcecode.swift; path = BackupService.swift; sourceTree = "<group>"; };
		A40F4D882EDE045F00416944 /* SettingsView.swift */ = {isa = PBXFileReference; lastKnownFileType = sourcecode.swift; path = SettingsView.swift; sourceTree = "<group>"; };
		A40F4D8B2EDE050000416944 /* NotificationService.swift */ = {isa = PBXFileReference; lastKnownFileType = sourcecode.swift; path = NotificationService.swift; sourceTree = "<group>"; };
		A4BEE4BB2EE9E2AE007604B4 /* AnalyticsService.swift */ = {isa = PBXFileReference; lastKnownFileType = sourcecode.swift; path = AnalyticsService.swift; sourceTree = "<group>"; };
		A4BEE4BC2EE9E2AE007604B4 /* APIClient.swift */ = {isa = PBXFileReference; lastKnownFileType = sourcecode.swift; path = APIClient.swift; sourceTree = "<group>"; };
		A4BEE4BD2EE9E2AE007604B4 /* KeychainService.swift */ = {isa = PBXFileReference; lastKnownFileType = sourcecode.swift; path = KeychainService.swift; sourceTree = "<group>"; };
		A4BEE4BE2EE9E2AE007604B4 /* SyncService.swift */ = {isa = PBXFileReference; lastKnownFileType = sourcecode.swift; path = SyncService.swift; sourceTree = "<group>"; };
		A4BEE4C42EE9E2CF007604B4 /* HistoryEvent.swift */ = {isa = PBXFileReference; lastKnownFileType = sourcecode.swift; path = HistoryEvent.swift; sourceTree = "<group>"; };
		A4BEE4C52EE9E2CF007604B4 /* Pair.swift */ = {isa = PBXFileReference; lastKnownFileType = sourcecode.swift; path = Pair.swift; sourceTree = "<group>"; };
		A4BEE4C62EE9E2CF007604B4 /* SyncStatus.swift */ = {isa = PBXFileReference; lastKnownFileType = sourcecode.swift; path = SyncStatus.swift; sourceTree = "<group>"; };
		A4BEE4CA2EE9E2F5007604B4 /* CreatePairView.swift */ = {isa = PBXFileReference; lastKnownFileType = sourcecode.swift; path = CreatePairView.swift; sourceTree = "<group>"; };
		A4BEE4CB2EE9E2F5007604B4 /* JoinPairView.swift */ = {isa = PBXFileReference; lastKnownFileType = sourcecode.swift; path = JoinPairView.swift; sourceTree = "<group>"; };
		A4CB15E02EDB395100FF4558 /* FreezerApp.app */ = {isa = PBXFileReference; explicitFileType = wrapper.application; includeInIndex = 0; path = FreezerApp.app; sourceTree = BUILT_PRODUCTS_DIR; };
		A4CB15EE2EDB399B00FF4558 /* FreezerApp.swift */ = {isa = PBXFileReference; lastKnownFileType = sourcecode.swift; path = FreezerApp.swift; sourceTree = "<group>"; };
		A4CB15F02EDB399B00FF4558 /* Category.swift */ = {isa = PBXFileReference; lastKnownFileType = sourcecode.swift; path = Category.swift; sourceTree = "<group>"; };
		A4CB15F12EDB399B00FF4558 /* Item.swift */ = {isa = PBXFileReference; lastKnownFileType = sourcecode.swift; path = Item.swift; sourceTree = "<group>"; };
		A4CB15F32EDB399B00FF4558 /* DataRepository.swift */ = {isa = PBXFileReference; lastKnownFileType = sourcecode.swift; path = DataRepository.swift; sourceTree = "<group>"; };
		A4CB15F62EDB399B00FF4558 /* CategoryFormView.swift */ = {isa = PBXFileReference; lastKnownFileType = sourcecode.swift; path = CategoryFormView.swift; sourceTree = "<group>"; };
		A4CB15F72EDB399B00FF4558 /* CategoryListView.swift */ = {isa = PBXFileReference; lastKnownFileType = sourcecode.swift; path = CategoryListView.swift; sourceTree = "<group>"; };
		A4CB15FA2EDB399B00FF4558 /* ItemFormView.swift */ = {isa = PBXFileReference; lastKnownFileType = sourcecode.swift; path = ItemFormView.swift; sourceTree = "<group>"; };
		A4CB15FB2EDB399B00FF4558 /* ItemListView.swift */ = {isa = PBXFileReference; lastKnownFileType = sourcecode.swift; path = ItemListView.swift; sourceTree = "<group>"; };
		A4CB15FF2EDB399B00FF4558 /* CategoryCard.swift */ = {isa = PBXFileReference; lastKnownFileType = sourcecode.swift; path = CategoryCard.swift; sourceTree = "<group>"; };
		A4CB16002EDB399B00FF4558 /* ItemRow.swift */ = {isa = PBXFileReference; lastKnownFileType = sourcecode.swift; path = ItemRow.swift; sourceTree = "<group>"; };
		A4CB16022EDB399B00FF4558 /* Theme.swift */ = {isa = PBXFileReference; lastKnownFileType = sourcecode.swift; path = Theme.swift; sourceTree = "<group>"; };
		A4FF10B02F00AAAA00000001 /* FeatureFlags.swift */ = {isa = PBXFileReference; lastKnownFileType = sourcecode.swift; path = FeatureFlags.swift; sourceTree = "<group>"; };
		A4FF10B22F00BBBB00000001 /* HistoryView.swift */ = {isa = PBXFileReference; lastKnownFileType = sourcecode.swift; path = HistoryView.swift; sourceTree = "<group>"; };
		A8E1D42958D6416C96845C75 /* Localization.swift */ = {isa = PBXFileReference; lastKnownFileType = sourcecode.swift; path = Localization.swift; sourceTree = "<group>"; };
		B6B022521999E68613D4B9D6 /* Foundation.framework */ = {isa = PBXFileReference; lastKnownFileType = wrapper.framework; name = Foundation.framework; path = Platforms/iPhoneOS.platform/Developer/SDKs/iPhoneOS18.0.sdk/System/Library/Frameworks/Foundation.framework; sourceTree = DEVELOPER_DIR; };
		B800D01AE69D4F08A6918E80 /* ru */ = {isa = PBXFileReference; lastKnownFileType = text.plist.strings; name = ru; path = ru.lproj/Localizable.strings; sourceTree = "<group>"; };
		FBCE5AD257CE084B996C988E /* SyncDecodeTests.swift */ = {isa = PBXFileReference; includeInIndex = 1; lastKnownFileType = sourcecode.swift; path = SyncDecodeTests.swift; sourceTree = "<group>"; };
/* End PBXFileReference section */

/* Begin PBXFileSystemSynchronizedRootGroup section */
		A4CB15E22EDB395100FF4558 /* FreezerApp */ = {
			isa = PBXFileSystemSynchronizedRootGroup;
			exceptions = (
			);
			path = FreezerApp;
			sourceTree = "<group>";
		};
/* End PBXFileSystemSynchronizedRootGroup section */

/* Begin PBXFrameworksBuildPhase section */
		0646B2CCFEE9AF467CE3E719 /* Frameworks */ = {
			isa = PBXFrameworksBuildPhase;
			buildActionMask = 2147483647;
			files = (
				0051714BC0079051772CF991 /* Foundation.framework in Frameworks */,
			);
			runOnlyForDeploymentPostprocessing = 0;
		};
		A4CB15DD2EDB395100FF4558 /* Frameworks */ = {
			isa = PBXFrameworksBuildPhase;
			buildActionMask = 2147483647;
			files = (
			);
			runOnlyForDeploymentPostprocessing = 0;
		};
/* End PBXFrameworksBuildPhase section */

/* Begin PBXGroup section */
		A40F4D892EDE045F00416944 /* Settings */ = {
			isa = PBXGroup;
			children = (
				A40F4D882EDE045F00416944 /* SettingsView.swift */,
				A4BEE4CA2EE9E2F5007604B4 /* CreatePairView.swift */,
				A4BEE4CB2EE9E2F5007604B4 /* JoinPairView.swift */,
			);
			path = Settings;
			sourceTree = "<group>";
		};
		A4BEE4BF2EE9E2AE007604B4 /* Services */ = {
			isa = PBXGroup;
			children = (
				A4BEE4BC2EE9E2AE007604B4 /* APIClient.swift */,
				A4BEE4BD2EE9E2AE007604B4 /* KeychainService.swift */,
				A4BEE4BE2EE9E2AE007604B4 /* SyncService.swift */,
			);
			path = Services;
			sourceTree = "<group>";
		};
		A4CB15D72EDB395100FF4558 = {
			isa = PBXGroup;
			children = (
				A4CB15E22EDB395100FF4558 /* FreezerApp */,
				A4CB15E12EDB395100FF4558 /* Products */,
				A4CB15EF2EDB399B00FF4558 /* App */,
				A4CB15F52EDB399B00FF4558 /* Core */,
				A4CB15FE2EDB399B00FF4558 /* Features */,
				A4CB16042EDB399B00FF4558 /* UI */,
				4D516241DD194ADF860E6D83 /* Localizable.strings */,
				F23283121DEF07BDFE751BC6 /* Frameworks */,
				D07907516D1FFE2FB1DC1559 /* FreezerAppTests */,
			);
			sourceTree = "<group>";
		};
		A4CB15E12EDB395100FF4558 /* Products */ = {
			isa = PBXGroup;
			children = (
				A4CB15E02EDB395100FF4558 /* FreezerApp.app */,
				1333D5B384F517E5CEFA7402 /* FreezerAppTests.xctest */,
			);
			name = Products;
			sourceTree = "<group>";
		};
		A4CB15EF2EDB399B00FF4558 /* App */ = {
			isa = PBXGroup;
			children = (
				A4CB15EE2EDB399B00FF4558 /* FreezerApp.swift */,
			);
			path = App;
			sourceTree = "<group>";
		};
		A4CB15F22EDB399B00FF4558 /* Models */ = {
			isa = PBXGroup;
			children = (
				A4CB15F02EDB399B00FF4558 /* Category.swift */,
				A4CB15F12EDB399B00FF4558 /* Item.swift */,
				A4BEE4C42EE9E2CF007604B4 /* HistoryEvent.swift */,
				A4BEE4C52EE9E2CF007604B4 /* Pair.swift */,
				A4BEE4C62EE9E2CF007604B4 /* SyncStatus.swift */,
			);
			path = Models;
			sourceTree = "<group>";
		};
		A4CB15F42EDB399B00FF4558 /* Repository */ = {
			isa = PBXGroup;
			children = (
				A4CB15F32EDB399B00FF4558 /* DataRepository.swift */,
			);
			path = Repository;
			sourceTree = "<group>";
		};
		A4CB15F52EDB399B00FF4558 /* Core */ = {
			isa = PBXGroup;
			children = (
				A40F4D862EDE042E00416944 /* BackupService.swift */,
				A40F4D8B2EDE050000416944 /* NotificationService.swift */,
				A4CB15F22EDB399B00FF4558 /* Models */,
				A4CB15F42EDB399B00FF4558 /* Repository */,
				A4BEE4BB2EE9E2AE007604B4 /* AnalyticsService.swift */,
				A8E1D42958D6416C96845C75 /* Localization.swift */,
				A4FF10B02F00AAAA00000001 /* FeatureFlags.swift */,
				A4BEE4BF2EE9E2AE007604B4 /* Services */,
			);
			path = Core;
			sourceTree = "<group>";
		};
		A4CB15F82EDB399B00FF4558 /* Views */ = {
			isa = PBXGroup;
			children = (
				A4CB15F62EDB399B00FF4558 /* CategoryFormView.swift */,
				A4CB15F72EDB399B00FF4558 /* CategoryListView.swift */,
				A4FF10B22F00BBBB00000001 /* HistoryView.swift */,
			);
			path = Views;
			sourceTree = "<group>";
		};
		A4CB15F92EDB399B00FF4558 /* Categories */ = {
			isa = PBXGroup;
			children = (
				A4CB15F82EDB399B00FF4558 /* Views */,
			);
			path = Categories;
			sourceTree = "<group>";
		};
		A4CB15FC2EDB399B00FF4558 /* Views */ = {
			isa = PBXGroup;
			children = (
				A4CB15FA2EDB399B00FF4558 /* ItemFormView.swift */,
				A4CB15FB2EDB399B00FF4558 /* ItemListView.swift */,
			);
			path = Views;
			sourceTree = "<group>";
		};
		A4CB15FD2EDB399B00FF4558 /* Items */ = {
			isa = PBXGroup;
			children = (
				A4CB15FC2EDB399B00FF4558 /* Views */,
			);
			path = Items;
			sourceTree = "<group>";
		};
		A4CB15FE2EDB399B00FF4558 /* Features */ = {
			isa = PBXGroup;
			children = (
				A4CB15F92EDB399B00FF4558 /* Categories */,
				A4CB15FD2EDB399B00FF4558 /* Items */,
				A40F4D892EDE045F00416944 /* Settings */,
			);
			path = Features;
			sourceTree = "<group>";
		};
		A4CB16012EDB399B00FF4558 /* Components */ = {
			isa = PBXGroup;
			children = (
				A4CB15FF2EDB399B00FF4558 /* CategoryCard.swift */,
				A4CB16002EDB399B00FF4558 /* ItemRow.swift */,
			);
			path = Components;
			sourceTree = "<group>";
		};
		A4CB16032EDB399B00FF4558 /* Theme */ = {
			isa = PBXGroup;
			children = (
				A4CB16022EDB399B00FF4558 /* Theme.swift */,
			);
			path = Theme;
			sourceTree = "<group>";
		};
		A4CB16042EDB399B00FF4558 /* UI */ = {
			isa = PBXGroup;
			children = (
				A4CB16012EDB399B00FF4558 /* Components */,
				A4CB16032EDB399B00FF4558 /* Theme */,
			);
			path = UI;
			sourceTree = "<group>";
		};
		CB356F7C5CC627BB192B1323 /* iOS */ = {
			isa = PBXGroup;
			children = (
				B6B022521999E68613D4B9D6 /* Foundation.framework */,
			);
			name = iOS;
			sourceTree = "<group>";
		};
		D07907516D1FFE2FB1DC1559 /* FreezerAppTests */ = {
			isa = PBXGroup;
			children = (
				FBCE5AD257CE084B996C988E /* SyncDecodeTests.swift */,
				096DD31060B22B82B130DE56 /* HistoryEventTypeTests.swift */,
			);
			name = FreezerAppTests;
			path = ../FreezerAppTests;
			sourceTree = "<group>";
		};
		F23283121DEF07BDFE751BC6 /* Frameworks */ = {
			isa = PBXGroup;
			children = (
				CB356F7C5CC627BB192B1323 /* iOS */,
			);
			name = Frameworks;
			sourceTree = "<group>";
		};
/* End PBXGroup section */

/* Begin PBXNativeTarget section */
		74ADBCE4B5FAFF2B9648CBE6 /* FreezerAppTests */ = {
			isa = PBXNativeTarget;
			buildConfigurationList = F45333B1265B3044282B67E9 /* Build configuration list for PBXNativeTarget "FreezerAppTests" */;
			buildPhases = (
				D705B8E3CEA1938DFB3C50C1 /* Sources */,
				0646B2CCFEE9AF467CE3E719 /* Frameworks */,
				43BC9F55EB24943E98B3BE1E /* Resources */,
			);
			buildRules = (
			);
			dependencies = (
				D24B5CF99547BE4314D16123 /* PBXTargetDependency */,
			);
			name = FreezerAppTests;
			productName = FreezerAppTests;
			productReference = 1333D5B384F517E5CEFA7402 /* FreezerAppTests.xctest */;
			productType = "com.apple.product-type.bundle.unit-test";
		};
		A4CB15DF2EDB395100FF4558 /* FreezerApp */ = {
			isa = PBXNativeTarget;
			buildConfigurationList = A4CB15EB2EDB395200FF4558 /* Build configuration list for PBXNativeTarget "FreezerApp" */;
			buildPhases = (
				A4CB15DC2EDB395100FF4558 /* Sources */,
				A4CB15DD2EDB395100FF4558 /* Frameworks */,
				A4CB15DE2EDB395100FF4558 /* Resources */,
			);
			buildRules = (
			);
			dependencies = (
			);
			fileSystemSynchronizedGroups = (
				A4CB15E22EDB395100FF4558 /* FreezerApp */,
			);
			name = FreezerApp;
			productName = FreezerApp;
			productReference = A4CB15E02EDB395100FF4558 /* FreezerApp.app */;
			productType = "com.apple.product-type.application";
		};
/* End PBXNativeTarget section */

/* Begin PBXProject section */
		A4CB15D82EDB395100FF4558 /* Project object */ = {
			isa = PBXProject;
			attributes = {
				BuildIndependentTargetsInParallel = 1;
				LastSwiftUpdateCheck = 2610;
				LastUpgradeCheck = 2620;
				TargetAttributes = {
					A4CB15DF2EDB395100FF4558 = {
						CreatedOnToolsVersion = 26.1;
					};
				};
			};
			buildConfigurationList = A4CB15DB2EDB395100FF4558 /* Build configuration list for PBXProject "FreezerApp" */;
			developmentRegion = en;
			hasScannedForEncodings = 0;
			knownRegions = (
				en,
				ru,
				Base,
			);
			mainGroup = A4CB15D72EDB395100FF4558;
			minimizedProjectReferenceProxies = 1;
			preferredProjectObjectVersion = 77;
			productRefGroup = A4CB15E12EDB395100FF4558 /* Products */;
			projectDirPath = "";
			projectRoot = "";
			targets = (
				A4CB15DF2EDB395100FF4558 /* FreezerApp */,
				74ADBCE4B5FAFF2B9648CBE6 /* FreezerAppTests */,
			);
		};
/* End PBXProject section */

/* Begin PBXResourcesBuildPhase section */
		43BC9F55EB24943E98B3BE1E /* Resources */ = {
			isa = PBXResourcesBuildPhase;
			buildActionMask = 2147483647;
			files = (
			);
			runOnlyForDeploymentPostprocessing = 0;
		};
		A4CB15DE2EDB395100FF4558 /* Resources */ = {
			isa = PBXResourcesBuildPhase;
			buildActionMask = 2147483647;
			files = (
				378B424FA7B24793BD58E95D /* Localizable.strings in Resources */,
			);
			runOnlyForDeploymentPostprocessing = 0;
		};
/* End PBXResourcesBuildPhase section */

/* Begin PBXSourcesBuildPhase section */
		A4CB15DC2EDB395100FF4558 /* Sources */ = {
			isa = PBXSourcesBuildPhase;
			buildActionMask = 2147483647;
			files = (
				A4CB16052EDB399C00FF4558 /* DataRepository.swift in Sources */,
				A4CB16062EDB399C00FF4558 /* ItemRow.swift in Sources */,
				A4BEE4CC2EE9E2F5007604B4 /* CreatePairView.swift in Sources */,
				A4BEE4CD2EE9E2F5007604B4 /* JoinPairView.swift in Sources */,
				A4CB16072EDB399C00FF4558 /* CategoryFormView.swift in Sources */,
				A4CB16082EDB399C00FF4558 /* CategoryCard.swift in Sources */,
				A4CB16092EDB399C00FF4558 /* ItemFormView.swift in Sources */,
				A40F4D872EDE042E00416944 /* BackupService.swift in Sources */,
				A40F4D8C2EDE050000416944 /* NotificationService.swift in Sources */,
				A4CB160A2EDB399C00FF4558 /* CategoryListView.swift in Sources */,
				A4FF10B32F00BBBB00000001 /* HistoryView.swift in Sources */,
				A4BEE4C02EE9E2AE007604B4 /* AnalyticsService.swift in Sources */,
				A4BEE4C12EE9E2AE007604B4 /* KeychainService.swift in Sources */,
				A4BEE4C22EE9E2AE007604B4 /* SyncService.swift in Sources */,
				A4BEE4C72EE9E2CF007604B4 /* HistoryEvent.swift in Sources */,
				A4BEE4C82EE9E2CF007604B4 /* Pair.swift in Sources */,
				A4BEE4C92EE9E2CF007604B4 /* SyncStatus.swift in Sources */,
				A4BEE4C32EE9E2AE007604B4 /* APIClient.swift in Sources */,
				A4CB160B2EDB399C00FF4558 /* ItemListView.swift in Sources */,
				A4CB160C2EDB399C00FF4558 /* Theme.swift in Sources */,
				A4CB160D2EDB399C00FF4558 /* Category.swift in Sources */,
				A4CB160E2EDB399C00FF4558 /* FreezerApp.swift in Sources */,
				A4CB160F2EDB399C00FF4558 /* Item.swift in Sources */,
				A40F4D8A2EDE045F00416944 /* SettingsView.swift in Sources */,
				11776462C4E845DBB721933C /* Localization.swift in Sources */,
				A4FF10B12F00AAAA00000002 /* FeatureFlags.swift in Sources */,
			);
			runOnlyForDeploymentPostprocessing = 0;
		};
		D705B8E3CEA1938DFB3C50C1 /* Sources */ = {
			isa = PBXSourcesBuildPhase;
			buildActionMask = 2147483647;
			files = (
				663125B7584DD74FB15C6EB1 /* SyncDecodeTests.swift in Sources */,
				79029F5A81E3493C32FE4CB6 /* HistoryEventTypeTests.swift in Sources */,
			);
			runOnlyForDeploymentPostprocessing = 0;
		};
/* End PBXSourcesBuildPhase section */

/* Begin PBXTargetDependency section */
		D24B5CF99547BE4314D16123 /* PBXTargetDependency */ = {
			isa = PBXTargetDependency;
			name = FreezerApp;
			target = A4CB15DF2EDB395100FF4558 /* FreezerApp */;
			targetProxy = 77A6DEC989356C48A8413474 /* PBXContainerItemProxy */;
		};
/* End PBXTargetDependency section */

/* Begin PBXVariantGroup section */
		4D516241DD194ADF860E6D83 /* Localizable.strings */ = {
			isa = PBXVariantGroup;
			children = (
				13803C49778D4459852F7B3A /* en */,
				B800D01AE69D4F08A6918E80 /* ru */,
			);
			name = Localizable.strings;
			sourceTree = "<group>";
		};
/* End PBXVariantGroup section */

/* Begin XCBuildConfiguration section */
		1E5963D2AE774034A0BF6EFB /* Release */ = {
			isa = XCBuildConfiguration;
			buildSettings = {
				ALWAYS_EMBED_SWIFT_STANDARD_LIBRARIES = NO;
				BUNDLE_LOADER = "$(TEST_HOST)";
				CLANG_ENABLE_OBJC_WEAK = NO;
				CODE_SIGNING_ALLOWED = NO;
				CODE_SIGN_STYLE = Automatic;
				GENERATE_INFOPLIST_FILE = YES;
				IPHONEOS_DEPLOYMENT_TARGET = 18.1;
				LD_RUNPATH_SEARCH_PATHS = (
					"$(inherited)",
					"@executable_path/Frameworks",
					"@loader_path/Frameworks",
					"@executable_path/../../Frameworks",
				);
				PRODUCT_BUNDLE_IDENTIFIER = com.kyzdes.TestFreezerApp.tests;
				PRODUCT_NAME = "$(TARGET_NAME)";
				SDKROOT = iphoneos;
				SWIFT_EMIT_LOC_STRINGS = NO;
				SWIFT_VERSION = 5.0;
				TARGETED_DEVICE_FAMILY = "1,2";
				TEST_HOST = "$(BUILT_PRODUCTS_DIR)/FreezerApp.app/FreezerApp";
				VALIDATE_PRODUCT = YES;
			};
			name = Release;
		};
		868B2451E0165BB266D67E7F /* Debug */ = {
			isa = XCBuildConfiguration;
			buildSettings = {
				ALWAYS_EMBED_SWIFT_STANDARD_LIBRARIES = NO;
				BUNDLE_LOADER = "$(TEST_HOST)";
				CLANG_ENABLE_OBJC_WEAK = NO;
				CODE_SIGNING_ALLOWED = NO;
				CODE_SIGN_STYLE = Automatic;
				GENERATE_INFOPLIST_FILE = YES;
				IPHONEOS_DEPLOYMENT_TARGET = 18.1;
				LD_RUNPATH_SEARCH_PATHS = (
					"$(inherited)",
					"@executable_path/Frameworks",
					"@loader_path/Frameworks",
					"@executable_path/../../Frameworks",
				);
				PRODUCT_BUNDLE_IDENTIFIER = com.kyzdes.TestFreezerApp.tests;
				PRODUCT_NAME = "$(TARGET_NAME)";
				SDKROOT = iphoneos;
				SWIFT_EMIT_LOC_STRINGS = NO;
				SWIFT_VERSION = 5.0;
				TARGETED_DEVICE_FAMILY = "1,2";
				TEST_HOST = "$(BUILT_PRODUCTS_DIR)/FreezerApp.app/FreezerApp";
			};
			name = Debug;
		};
		A4CB15E92EDB395200FF4558 /* Debug */ = {
			isa = XCBuildConfiguration;
			buildSettings = {
				ALWAYS_SEARCH_USER_PATHS = NO;
				ASSETCATALOG_COMPILER_GENERATE_SWIFT_ASSET_SYMBOL_EXTENSIONS = YES;
				CLANG_ANALYZER_LOCALIZABILITY_NONLOCALIZED = YES;
				CLANG_ANALYZER_NONNULL = YES;
				CLANG_ANALYZER_NUMBER_OBJECT_CONVERSION = YES_AGGRESSIVE;
				CLANG_CXX_LANGUAGE_STANDARD = "gnu++20";
				CLANG_ENABLE_MODULES = YES;
				CLANG_ENABLE_OBJC_ARC = YES;
				CLANG_ENABLE_OBJC_WEAK = YES;
				CLANG_WARN_BLOCK_CAPTURE_AUTORELEASING = YES;
				CLANG_WARN_BOOL_CONVERSION = YES;
				CLANG_WARN_COMMA = YES;
				CLANG_WARN_CONSTANT_CONVERSION = YES;
				CLANG_WARN_DEPRECATED_OBJC_IMPLEMENTATIONS = YES;
				CLANG_WARN_DIRECT_OBJC_ISA_USAGE = YES_ERROR;
				CLANG_WARN_DOCUMENTATION_COMMENTS = YES;
				CLANG_WARN_EMPTY_BODY = YES;
				CLANG_WARN_ENUM_CONVERSION = YES;
				CLANG_WARN_INFINITE_RECURSION = YES;
				CLANG_WARN_INT_CONVERSION = YES;
				CLANG_WARN_NON_LITERAL_NULL_CONVERSION = YES;
				CLANG_WARN_OBJC_IMPLICIT_RETAIN_SELF = YES;
				CLANG_WARN_OBJC_LITERAL_CONVERSION = YES;
				CLANG_WARN_OBJC_ROOT_CLASS = YES_ERROR;
				CLANG_WARN_QUOTED_INCLUDE_IN_FRAMEWORK_HEADER = YES;
				CLANG_WARN_RANGE_LOOP_ANALYSIS = YES;
				CLANG_WARN_STRICT_PROTOTYPES = YES;
				CLANG_WARN_SUSPICIOUS_MOVE = YES;
				CLANG_WARN_UNGUARDED_AVAILABILITY = YES_AGGRESSIVE;
				CLANG_WARN_UNREACHABLE_CODE = YES;
				CLANG_WARN__DUPLICATE_METHOD_MATCH = YES;
				COPY_PHASE_STRIP = NO;
				DEBUG_INFORMATION_FORMAT = dwarf;
				DEVELOPMENT_TEAM = XDQ47DMXMK;
				ENABLE_STRICT_OBJC_MSGSEND = YES;
				ENABLE_TESTABILITY = YES;
				ENABLE_USER_SCRIPT_SANDBOXING = YES;
				GCC_C_LANGUAGE_STANDARD = gnu17;
				GCC_DYNAMIC_NO_PIC = NO;
				GCC_NO_COMMON_BLOCKS = YES;
				GCC_OPTIMIZATION_LEVEL = 0;
				GCC_PREPROCESSOR_DEFINITIONS = (
					"DEBUG=1",
					"$(inherited)",
				);
				GCC_WARN_64_TO_32_BIT_CONVERSION = YES;
				GCC_WARN_ABOUT_RETURN_TYPE = YES_ERROR;
				GCC_WARN_UNDECLARED_SELECTOR = YES;
				GCC_WARN_UNINITIALIZED_AUTOS = YES_AGGRESSIVE;
				GCC_WARN_UNUSED_FUNCTION = YES;
				GCC_WARN_UNUSED_VARIABLE = YES;
				IPHONEOS_DEPLOYMENT_TARGET = 26.1;
				LOCALIZATION_PREFERS_STRING_CATALOGS = YES;
				MTL_ENABLE_DEBUG_INFO = INCLUDE_SOURCE;
				MTL_FAST_MATH = YES;
				ONLY_ACTIVE_ARCH = YES;
				SDKROOT = iphoneos;
				STRING_CATALOG_GENERATE_SYMBOLS = YES;
				SWIFT_ACTIVE_COMPILATION_CONDITIONS = "DEBUG $(inherited)";
				SWIFT_OPTIMIZATION_LEVEL = "-Onone";
			};
			name = Debug;
		};
		A4CB15EA2EDB395200FF4558 /* Release */ = {
			isa = XCBuildConfiguration;
			buildSettings = {
				ALWAYS_SEARCH_USER_PATHS = NO;
				ASSETCATALOG_COMPILER_GENERATE_SWIFT_ASSET_SYMBOL_EXTENSIONS = YES;
				CLANG_ANALYZER_LOCALIZABILITY_NONLOCALIZED = YES;
				CLANG_ANALYZER_NONNULL = YES;
				CLANG_ANALYZER_NUMBER_OBJECT_CONVERSION = YES_AGGRESSIVE;
				CLANG_CXX_LANGUAGE_STANDARD = "gnu++20";
				CLANG_ENABLE_MODULES = YES;
				CLANG_ENABLE_OBJC_ARC = YES;
				CLANG_ENABLE_OBJC_WEAK = YES;
				CLANG_WARN_BLOCK_CAPTURE_AUTORELEASING = YES;
				CLANG_WARN_BOOL_CONVERSION = YES;
				CLANG_WARN_COMMA = YES;
				CLANG_WARN_CONSTANT_CONVERSION = YES;
				CLANG_WARN_DEPRECATED_OBJC_IMPLEMENTATIONS = YES;
				CLANG_WARN_DIRECT_OBJC_ISA_USAGE = YES_ERROR;
				CLANG_WARN_DOCUMENTATION_COMMENTS = YES;
				CLANG_WARN_EMPTY_BODY = YES;
				CLANG_WARN_ENUM_CONVERSION = YES;
				CLANG_WARN_INFINITE_RECURSION = YES;
				CLANG_WARN_INT_CONVERSION = YES;
				CLANG_WARN_NON_LITERAL_NULL_CONVERSION = YES;
				CLANG_WARN_OBJC_IMPLICIT_RETAIN_SELF = YES;
				CLANG_WARN_OBJC_LITERAL_CONVERSION = YES;
				CLANG_WARN_OBJC_ROOT_CLASS = YES_ERROR;
				CLANG_WARN_QUOTED_INCLUDE_IN_FRAMEWORK_HEADER = YES;
				CLANG_WARN_RANGE_LOOP_ANALYSIS = YES;
				CLANG_WARN_STRICT_PROTOTYPES = YES;
				CLANG_WARN_SUSPICIOUS_MOVE = YES;
				CLANG_WARN_UNGUARDED_AVAILABILITY = YES_AGGRESSIVE;
				CLANG_WARN_UNREACHABLE_CODE = YES;
				CLANG_WARN__DUPLICATE_METHOD_MATCH = YES;
				COPY_PHASE_STRIP = NO;
				DEBUG_INFORMATION_FORMAT = "dwarf-with-dsym";
				DEVELOPMENT_TEAM = XDQ47DMXMK;
				ENABLE_NS_ASSERTIONS = NO;
				ENABLE_STRICT_OBJC_MSGSEND = YES;
				ENABLE_USER_SCRIPT_SANDBOXING = YES;
				GCC_C_LANGUAGE_STANDARD = gnu17;
				GCC_NO_COMMON_BLOCKS = YES;
				GCC_WARN_64_TO_32_BIT_CONVERSION = YES;
				GCC_WARN_ABOUT_RETURN_TYPE = YES_ERROR;
				GCC_WARN_UNDECLARED_SELECTOR = YES;
				GCC_WARN_UNINITIALIZED_AUTOS = YES_AGGRESSIVE;
				GCC_WARN_UNUSED_FUNCTION = YES;
				GCC_WARN_UNUSED_VARIABLE = YES;
				IPHONEOS_DEPLOYMENT_TARGET = 26.1;
				LOCALIZATION_PREFERS_STRING_CATALOGS = YES;
				MTL_ENABLE_DEBUG_INFO = NO;
				MTL_FAST_MATH = YES;
				SDKROOT = iphoneos;
				STRING_CATALOG_GENERATE_SYMBOLS = YES;
				SWIFT_COMPILATION_MODE = wholemodule;
				VALIDATE_PRODUCT = YES;
			};
			name = Release;
		};
		A4CB15EC2EDB395200FF4558 /* Debug */ = {
			isa = XCBuildConfiguration;
			buildSettings = {
				ASSETCATALOG_COMPILER_APPICON_NAME = AppIcon;
				ASSETCATALOG_COMPILER_GLOBAL_ACCENT_COLOR_NAME = AccentColor;
				ASSETCATALOG_COMPILER_INCLUDE_ALL_APPICON_ASSETS = YES;
				CODE_SIGN_STYLE = Automatic;
				CURRENT_PROJECT_VERSION = 3;
				DEVELOPMENT_TEAM = XDQ47DMXMK;
				ENABLE_PREVIEWS = YES;
				GENERATE_INFOPLIST_FILE = YES;
				INFOPLIST_FILE = Info.plist;
				INFOPLIST_KEY_CFBundleDisplayName = FreezerApp;
				INFOPLIST_KEY_LSApplicationCategoryType = "public.app-category.food-and-drink";
				INFOPLIST_KEY_UIApplicationSceneManifest_Generation = YES;
				INFOPLIST_KEY_UIApplicationSupportsIndirectInputEvents = YES;
				INFOPLIST_KEY_UILaunchScreen_Generation = YES;
				INFOPLIST_KEY_UISupportedInterfaceOrientations = UIInterfaceOrientationPortrait;
				INFOPLIST_KEY_UISupportedInterfaceOrientations_iPad = "UIInterfaceOrientationLandscapeLeft UIInterfaceOrientationLandscapeRight UIInterfaceOrientationPortrait UIInterfaceOrientationPortraitUpsideDown";
				IPHONEOS_DEPLOYMENT_TARGET = 18.1;
				LD_RUNPATH_SEARCH_PATHS = (
					"$(inherited)",
					"@executable_path/Frameworks",
				);
				MARKETING_VERSION = 2.1;
				PRODUCT_BUNDLE_IDENTIFIER = com.kyzdes.TestFreezerApp;
				PRODUCT_NAME = "$(TARGET_NAME)";
				STRING_CATALOG_GENERATE_SYMBOLS = YES;
				SUPPORTED_PLATFORMS = "iphoneos iphonesimulator";
				SUPPORTS_MACCATALYST = NO;
				SUPPORTS_MAC_DESIGNED_FOR_IPHONE_IPAD = NO;
				SUPPORTS_XR_DESIGNED_FOR_IPHONE_IPAD = NO;
				SWIFT_APPROACHABLE_CONCURRENCY = YES;
				SWIFT_DEFAULT_ACTOR_ISOLATION = MainActor;
				SWIFT_EMIT_LOC_STRINGS = YES;
				SWIFT_UPCOMING_FEATURE_MEMBER_IMPORT_VISIBILITY = YES;
				SWIFT_VERSION = 5.0;
				TARGETED_DEVICE_FAMILY = 1;
			};
			name = Debug;
		};
		A4CB15ED2EDB395200FF4558 /* Release */ = {
			isa = XCBuildConfiguration;
			buildSettings = {
				ASSETCATALOG_COMPILER_APPICON_NAME = AppIcon;
				ASSETCATALOG_COMPILER_GLOBAL_ACCENT_COLOR_NAME = AccentColor;
				ASSETCATALOG_COMPILER_INCLUDE_ALL_APPICON_ASSETS = YES;
				CODE_SIGN_STYLE = Automatic;
				CURRENT_PROJECT_VERSION = 3;
				DEVELOPMENT_TEAM = XDQ47DMXMK;
				ENABLE_PREVIEWS = YES;
				GENERATE_INFOPLIST_FILE = YES;
				INFOPLIST_FILE = Info.plist;
				INFOPLIST_KEY_CFBundleDisplayName = FreezerApp;
				INFOPLIST_KEY_LSApplicationCategoryType = "public.app-category.food-and-drink";
				INFOPLIST_KEY_UIApplicationSceneManifest_Generation = YES;
				INFOPLIST_KEY_UIApplicationSupportsIndirectInputEvents = YES;
				INFOPLIST_KEY_UILaunchScreen_Generation = YES;
				INFOPLIST_KEY_UISupportedInterfaceOrientations = UIInterfaceOrientationPortrait;
				INFOPLIST_KEY_UISupportedInterfaceOrientations_iPad = "UIInterfaceOrientationLandscapeLeft UIInterfaceOrientationLandscapeRight UIInterfaceOrientationPortrait UIInterfaceOrientationPortraitUpsideDown";
				IPHONEOS_DEPLOYMENT_TARGET = 18.1;
				LD_RUNPATH_SEARCH_PATHS = (
					"$(inherited)",
					"@executable_path/Frameworks",
				);
				MARKETING_VERSION = 2.1;
				PRODUCT_BUNDLE_IDENTIFIER = com.kyzdes.TestFreezerApp;
				PRODUCT_NAME = "$(TARGET_NAME)";
				STRING_CATALOG_GENERATE_SYMBOLS = YES;
				SUPPORTED_PLATFORMS = "iphoneos iphonesimulator";
				SUPPORTS_MACCATALYST = NO;
				SUPPORTS_MAC_DESIGNED_FOR_IPHONE_IPAD = NO;
				SUPPORTS_XR_DESIGNED_FOR_IPHONE_IPAD = NO;
				SWIFT_APPROACHABLE_CONCURRENCY = YES;
				SWIFT_DEFAULT_ACTOR_ISOLATION = MainActor;
				SWIFT_EMIT_LOC_STRINGS = YES;
				SWIFT_UPCOMING_FEATURE_MEMBER_IMPORT_VISIBILITY = YES;
				SWIFT_VERSION = 5.0;
				TARGETED_DEVICE_FAMILY = 1;
			};
			name = Release;
		};
/* End XCBuildConfiguration section */

/* Begin XCConfigurationList section */
		A4CB15DB2EDB395100FF4558 /* Build configuration list for PBXProject "FreezerApp" */ = {
			isa = XCConfigurationList;
			buildConfigurations = (
				A4CB15E92EDB395200FF4558 /* Debug */,
				A4CB15EA2EDB395200FF4558 /* Release */,
			);
			defaultConfigurationIsVisible = 0;
			defaultConfigurationName = Release;
		};
		A4CB15EB2EDB395200FF4558 /* Build configuration list for PBXNativeTarget "FreezerApp" */ = {
			isa = XCConfigurationList;
			buildConfigurations = (
				A4CB15EC2EDB395200FF4558 /* Debug */,
				A4CB15ED2EDB395200FF4558 /* Release */,
			);
			defaultConfigurationIsVisible = 0;
			defaultConfigurationName = Release;
		};
		F45333B1265B3044282B67E9 /* Build configuration list for PBXNativeTarget "FreezerAppTests" */ = {
			isa = XCConfigurationList;
			buildConfigurations = (
				1E5963D2AE774034A0BF6EFB /* Release */,
				868B2451E0165BB266D67E7F /* Debug */,
			);
			defaultConfigurationIsVisible = 0;
			defaultConfigurationName = Release;
		};
/* End XCConfigurationList section */
	};
	rootObject = A4CB15D82EDB395100FF4558 /* Project object */;
}
